// !$*UTF8*$!
{
	archiveVersion = 1;
	classes = {
	};
	objectVersion = 56;
	objects = {

/* Begin PBXBuildFile section */
		2FA824A2032D3AB817AF8BD8 /* Pods_Core.framework in Frameworks */ = {isa = PBXBuildFile; fileRef = 46BE3FD697B2C23C14C3B67E /* Pods_Core.framework */; };
		840DBCA22ABD6E790045DDE1 /* Core.h in Headers */ = {isa = PBXBuildFile; fileRef = 840DBCA12ABD6E790045DDE1 /* Core.h */; settings = {ATTRIBUTES = (Public, ); }; };
		84CD08002AC27F9C001B4762 /* DataSource.swift in Sources */ = {isa = PBXBuildFile; fileRef = 84CD07FF2AC27F9C001B4762 /* DataSource.swift */; };
		84CD08022AC28028001B4762 /* LocaleDataSource.swift in Sources */ = {isa = PBXBuildFile; fileRef = 84CD08012AC28028001B4762 /* LocaleDataSource.swift */; };
		84CD08042AC28306001B4762 /* Interactor.swift in Sources */ = {isa = PBXBuildFile; fileRef = 84CD08032AC28306001B4762 /* Interactor.swift */; };
		84CD08062AC28313001B4762 /* UseCase.swift in Sources */ = {isa = PBXBuildFile; fileRef = 84CD08052AC28313001B4762 /* UseCase.swift */; };
		84CD08092AC2833D001B4762 /* Repository.swift in Sources */ = {isa = PBXBuildFile; fileRef = 84CD08082AC2833D001B4762 /* Repository.swift */; };
		84CD080B2AC284D5001B4762 /* GetListPresenter.swift in Sources */ = {isa = PBXBuildFile; fileRef = 84CD080A2AC284D5001B4762 /* GetListPresenter.swift */; };
		84CD08382AC2A91D001B4762 /* CustomError+Ext.swift in Sources */ = {isa = PBXBuildFile; fileRef = 84CD08372AC2A91D001B4762 /* CustomError+Ext.swift */; };
		84CD08832AC2DD27001B4762 /* ErrorProtocol.swift in Sources */ = {isa = PBXBuildFile; fileRef = 84CD08822AC2DD27001B4762 /* ErrorProtocol.swift */; };
/* End PBXBuildFile section */

/* Begin PBXFileReference section */
		2F25287FF8A8B7A711C76A05 /* Pods-Core.debug.xcconfig */ = {isa = PBXFileReference; includeInIndex = 1; lastKnownFileType = text.xcconfig; name = "Pods-Core.debug.xcconfig"; path = "Target Support Files/Pods-Core/Pods-Core.debug.xcconfig"; sourceTree = "<group>"; };
		30A9A8C571495A45F44005E8 /* Pods-GameTarget-Core.debug.xcconfig */ = {isa = PBXFileReference; includeInIndex = 1; lastKnownFileType = text.xcconfig; name = "Pods-GameTarget-Core.debug.xcconfig"; path = "Target Support Files/Pods-GameTarget-Core/Pods-GameTarget-Core.debug.xcconfig"; sourceTree = "<group>"; };
		41F7370C1E362AD9F3F4524F /* Pods-GameTarget-Core.release.xcconfig */ = {isa = PBXFileReference; includeInIndex = 1; lastKnownFileType = text.xcconfig; name = "Pods-GameTarget-Core.release.xcconfig"; path = "Target Support Files/Pods-GameTarget-Core/Pods-GameTarget-Core.release.xcconfig"; sourceTree = "<group>"; };
		46BE3FD697B2C23C14C3B67E /* Pods_Core.framework */ = {isa = PBXFileReference; explicitFileType = wrapper.framework; includeInIndex = 0; path = Pods_Core.framework; sourceTree = BUILT_PRODUCTS_DIR; };
		840DBC9E2ABD6E790045DDE1 /* Core.framework */ = {isa = PBXFileReference; explicitFileType = wrapper.framework; includeInIndex = 0; path = Core.framework; sourceTree = BUILT_PRODUCTS_DIR; };
		840DBCA12ABD6E790045DDE1 /* Core.h */ = {isa = PBXFileReference; lastKnownFileType = sourcecode.c.h; path = Core.h; sourceTree = "<group>"; };
		84CD07FF2AC27F9C001B4762 /* DataSource.swift */ = {isa = PBXFileReference; lastKnownFileType = sourcecode.swift; path = DataSource.swift; sourceTree = "<group>"; };
		84CD08012AC28028001B4762 /* LocaleDataSource.swift */ = {isa = PBXFileReference; lastKnownFileType = sourcecode.swift; path = LocaleDataSource.swift; sourceTree = "<group>"; };
		84CD08032AC28306001B4762 /* Interactor.swift */ = {isa = PBXFileReference; lastKnownFileType = sourcecode.swift; path = Interactor.swift; sourceTree = "<group>"; };
		84CD08052AC28313001B4762 /* UseCase.swift */ = {isa = PBXFileReference; lastKnownFileType = sourcecode.swift; path = UseCase.swift; sourceTree = "<group>"; };
		84CD08082AC2833D001B4762 /* Repository.swift */ = {isa = PBXFileReference; lastKnownFileType = sourcecode.swift; path = Repository.swift; sourceTree = "<group>"; };
		84CD080A2AC284D5001B4762 /* GetListPresenter.swift */ = {isa = PBXFileReference; lastKnownFileType = sourcecode.swift; path = GetListPresenter.swift; sourceTree = "<group>"; };
		84CD08372AC2A91D001B4762 /* CustomError+Ext.swift */ = {isa = PBXFileReference; lastKnownFileType = sourcecode.swift; path = "CustomError+Ext.swift"; sourceTree = "<group>"; };
		84CD08822AC2DD27001B4762 /* ErrorProtocol.swift */ = {isa = PBXFileReference; lastKnownFileType = sourcecode.swift; path = ErrorProtocol.swift; sourceTree = "<group>"; };
		C6C1E5AC86B1CEBAB7DCF9D3 /* Pods-Core.release.xcconfig */ = {isa = PBXFileReference; includeInIndex = 1; lastKnownFileType = text.xcconfig; name = "Pods-Core.release.xcconfig"; path = "Target Support Files/Pods-Core/Pods-Core.release.xcconfig"; sourceTree = "<group>"; };
/* End PBXFileReference section */

/* Begin PBXFrameworksBuildPhase section */
		840DBC9B2ABD6E790045DDE1 /* Frameworks */ = {
			isa = PBXFrameworksBuildPhase;
			buildActionMask = 2147483647;
			files = (
				2FA824A2032D3AB817AF8BD8 /* Pods_Core.framework in Frameworks */,
			);
			runOnlyForDeploymentPostprocessing = 0;
		};
/* End PBXFrameworksBuildPhase section */

/* Begin PBXGroup section */
		801D6DFF53342E69CC54C610 /* Pods */ = {
			isa = PBXGroup;
			children = (
				2F25287FF8A8B7A711C76A05 /* Pods-Core.debug.xcconfig */,
				C6C1E5AC86B1CEBAB7DCF9D3 /* Pods-Core.release.xcconfig */,
				30A9A8C571495A45F44005E8 /* Pods-GameTarget-Core.debug.xcconfig */,
				41F7370C1E362AD9F3F4524F /* Pods-GameTarget-Core.release.xcconfig */,
			);
			name = Pods;
			path = "../../ios-games-list_2/Pods";
			sourceTree = "<group>";
		};
		840DBC942ABD6E790045DDE1 = {
			isa = PBXGroup;
			children = (
				840DBCA02ABD6E790045DDE1 /* Core */,
				840DBC9F2ABD6E790045DDE1 /* Products */,
				801D6DFF53342E69CC54C610 /* Pods */,
				F1398658499DDFB08842ADD8 /* Frameworks */,
			);
			sourceTree = "<group>";
		};
		840DBC9F2ABD6E790045DDE1 /* Products */ = {
			isa = PBXGroup;
			children = (
				840DBC9E2ABD6E790045DDE1 /* Core.framework */,
			);
			name = Products;
			sourceTree = "<group>";
		};
		840DBCA02ABD6E790045DDE1 /* Core */ = {
			isa = PBXGroup;
			children = (
				84CD08362AC2A90A001B4762 /* Extenstion */,
				84CD07FE2AC27F87001B4762 /* Presentation */,
				84CD07FD2AC27F7A001B4762 /* Domain */,
				84CD07FC2AC27F4D001B4762 /* Data */,
				840DBCA12ABD6E790045DDE1 /* Core.h */,
			);
			path = Core;
			sourceTree = "<group>";
		};
		84CD07FC2AC27F4D001B4762 /* Data */ = {
			isa = PBXGroup;
			children = (
				84CD08072AC2832D001B4762 /* Repository */,
				84CD07FF2AC27F9C001B4762 /* DataSource.swift */,
				84CD08012AC28028001B4762 /* LocaleDataSource.swift */,
			);
			path = Data;
			sourceTree = "<group>";
		};
		84CD07FD2AC27F7A001B4762 /* Domain */ = {
			isa = PBXGroup;
			children = (
				84CD08032AC28306001B4762 /* Interactor.swift */,
				84CD08052AC28313001B4762 /* UseCase.swift */,
			);
			path = Domain;
			sourceTree = "<group>";
		};
		84CD07FE2AC27F87001B4762 /* Presentation */ = {
			isa = PBXGroup;
			children = (
				84CD080A2AC284D5001B4762 /* GetListPresenter.swift */,
			);
			path = Presentation;
			sourceTree = "<group>";
		};
		84CD08072AC2832D001B4762 /* Repository */ = {
			isa = PBXGroup;
			children = (
				84CD08082AC2833D001B4762 /* Repository.swift */,
			);
			path = Repository;
			sourceTree = "<group>";
		};
		84CD08362AC2A90A001B4762 /* Extenstion */ = {
			isa = PBXGroup;
			children = (
				84CD08372AC2A91D001B4762 /* CustomError+Ext.swift */,
				84CD08822AC2DD27001B4762 /* ErrorProtocol.swift */,
			);
			path = Extenstion;
			sourceTree = "<group>";
		};
		F1398658499DDFB08842ADD8 /* Frameworks */ = {
			isa = PBXGroup;
			children = (
				46BE3FD697B2C23C14C3B67E /* Pods_Core.framework */,
			);
			name = Frameworks;
			sourceTree = "<group>";
		};
/* End PBXGroup section */

/* Begin PBXHeadersBuildPhase section */
		840DBC992ABD6E790045DDE1 /* Headers */ = {
			isa = PBXHeadersBuildPhase;
			buildActionMask = 2147483647;
			files = (
				840DBCA22ABD6E790045DDE1 /* Core.h in Headers */,
			);
			runOnlyForDeploymentPostprocessing = 0;
		};
/* End PBXHeadersBuildPhase section */

/* Begin PBXNativeTarget section */
		840DBC9D2ABD6E790045DDE1 /* Core */ = {
			isa = PBXNativeTarget;
			buildConfigurationList = 840DBCA52ABD6E790045DDE1 /* Build configuration list for PBXNativeTarget "Core" */;
			buildPhases = (
				0AC7168DDEC0075544061CF7 /* [CP] Check Pods Manifest.lock */,
				840DBC992ABD6E790045DDE1 /* Headers */,
				840DBC9A2ABD6E790045DDE1 /* Sources */,
				840DBC9B2ABD6E790045DDE1 /* Frameworks */,
				840DBC9C2ABD6E790045DDE1 /* Resources */,
			);
			buildRules = (
			);
			dependencies = (
			);
			name = Core;
			productName = Core;
			productReference = 840DBC9E2ABD6E790045DDE1 /* Core.framework */;
			productType = "com.apple.product-type.framework";
		};
/* End PBXNativeTarget section */

/* Begin PBXProject section */
		840DBC952ABD6E790045DDE1 /* Project object */ = {
			isa = PBXProject;
			attributes = {
				BuildIndependentTargetsInParallel = 1;
				LastUpgradeCheck = 1430;
				TargetAttributes = {
					840DBC9D2ABD6E790045DDE1 = {
						CreatedOnToolsVersion = 14.3.1;
						LastSwiftMigration = 1500;
					};
				};
			};
			buildConfigurationList = 840DBC982ABD6E790045DDE1 /* Build configuration list for PBXProject "Core" */;
			compatibilityVersion = "Xcode 14.0";
			developmentRegion = en;
			hasScannedForEncodings = 0;
			knownRegions = (
				en,
				Base,
			);
			mainGroup = 840DBC942ABD6E790045DDE1;
			productRefGroup = 840DBC9F2ABD6E790045DDE1 /* Products */;
			projectDirPath = "";
			projectRoot = "";
			targets = (
				840DBC9D2ABD6E790045DDE1 /* Core */,
			);
		};
/* End PBXProject section */

/* Begin PBXResourcesBuildPhase section */
		840DBC9C2ABD6E790045DDE1 /* Resources */ = {
			isa = PBXResourcesBuildPhase;
			buildActionMask = 2147483647;
			files = (
			);
			runOnlyForDeploymentPostprocessing = 0;
		};
/* End PBXResourcesBuildPhase section */

/* Begin PBXShellScriptBuildPhase section */
		0AC7168DDEC0075544061CF7 /* [CP] Check Pods Manifest.lock */ = {
			isa = PBXShellScriptBuildPhase;
			buildActionMask = 2147483647;
			files = (
			);
			inputFileListPaths = (
			);
			inputPaths = (
				"${PODS_PODFILE_DIR_PATH}/Podfile.lock",
				"${PODS_ROOT}/Manifest.lock",
			);
			name = "[CP] Check Pods Manifest.lock";
			outputFileListPaths = (
			);
			outputPaths = (
				"$(DERIVED_FILE_DIR)/Pods-Core-checkManifestLockResult.txt",
			);
			runOnlyForDeploymentPostprocessing = 0;
			shellPath = /bin/sh;
			shellScript = "diff \"${PODS_PODFILE_DIR_PATH}/Podfile.lock\" \"${PODS_ROOT}/Manifest.lock\" > /dev/null\nif [ $? != 0 ] ; then\n    # print error to STDERR\n    echo \"error: The sandbox is not in sync with the Podfile.lock. Run 'pod install' or update your CocoaPods installation.\" >&2\n    exit 1\nfi\n# This output is used by Xcode 'outputs' to avoid re-running this script phase.\necho \"SUCCESS\" > \"${SCRIPT_OUTPUT_FILE_0}\"\n";
			showEnvVarsInLog = 0;
		};
/* End PBXShellScriptBuildPhase section */

/* Begin PBXSourcesBuildPhase section */
		840DBC9A2ABD6E790045DDE1 /* Sources */ = {
			isa = PBXSourcesBuildPhase;
			buildActionMask = 2147483647;
			files = (
				84CD08042AC28306001B4762 /* Interactor.swift in Sources */,
				84CD08062AC28313001B4762 /* UseCase.swift in Sources */,
				84CD08832AC2DD27001B4762 /* ErrorProtocol.swift in Sources */,
				84CD08092AC2833D001B4762 /* Repository.swift in Sources */,
				84CD080B2AC284D5001B4762 /* GetListPresenter.swift in Sources */,
				84CD08382AC2A91D001B4762 /* CustomError+Ext.swift in Sources */,
				84CD08022AC28028001B4762 /* LocaleDataSource.swift in Sources */,
				84CD08002AC27F9C001B4762 /* DataSource.swift in Sources */,
			);
			runOnlyForDeploymentPostprocessing = 0;
		};
/* End PBXSourcesBuildPhase section */

/* Begin XCBuildConfiguration section */
		840DBCA32ABD6E790045DDE1 /* Debug */ = {
			isa = XCBuildConfiguration;
			buildSettings = {
				ALWAYS_SEARCH_USER_PATHS = NO;
				CLANG_ANALYZER_NONNULL = YES;
				CLANG_ANALYZER_NUMBER_OBJECT_CONVERSION = YES_AGGRESSIVE;
				CLANG_CXX_LANGUAGE_STANDARD = "gnu++20";
				CLANG_ENABLE_MODULES = YES;
				CLANG_ENABLE_OBJC_ARC = YES;
				CLANG_ENABLE_OBJC_WEAK = YES;
				CLANG_WARN_BLOCK_CAPTURE_AUTORELEASING = YES;
				CLANG_WARN_BOOL_CONVERSION = YES;
				CLANG_WARN_COMMA = YES;
				CLANG_WARN_CONSTANT_CONVERSION = YES;
				CLANG_WARN_DEPRECATED_OBJC_IMPLEMENTATIONS = YES;
				CLANG_WARN_DIRECT_OBJC_ISA_USAGE = YES_ERROR;
				CLANG_WARN_DOCUMENTATION_COMMENTS = YES;
				CLANG_WARN_EMPTY_BODY = YES;
				CLANG_WARN_ENUM_CONVERSION = YES;
				CLANG_WARN_INFINITE_RECURSION = YES;
				CLANG_WARN_INT_CONVERSION = YES;
				CLANG_WARN_NON_LITERAL_NULL_CONVERSION = YES;
				CLANG_WARN_OBJC_IMPLICIT_RETAIN_SELF = YES;
				CLANG_WARN_OBJC_LITERAL_CONVERSION = YES;
				CLANG_WARN_OBJC_ROOT_CLASS = YES_ERROR;
				CLANG_WARN_QUOTED_INCLUDE_IN_FRAMEWORK_HEADER = YES;
				CLANG_WARN_RANGE_LOOP_ANALYSIS = YES;
				CLANG_WARN_STRICT_PROTOTYPES = YES;
				CLANG_WARN_SUSPICIOUS_MOVE = YES;
				CLANG_WARN_UNGUARDED_AVAILABILITY = YES_AGGRESSIVE;
				CLANG_WARN_UNREACHABLE_CODE = YES;
				CLANG_WARN__DUPLICATE_METHOD_MATCH = YES;
				COPY_PHASE_STRIP = NO;
				CURRENT_PROJECT_VERSION = 1;
				DEBUG_INFORMATION_FORMAT = dwarf;
				ENABLE_STRICT_OBJC_MSGSEND = YES;
				ENABLE_TESTABILITY = YES;
				GCC_C_LANGUAGE_STANDARD = gnu11;
				GCC_DYNAMIC_NO_PIC = NO;
				GCC_NO_COMMON_BLOCKS = YES;
				GCC_OPTIMIZATION_LEVEL = 0;
				GCC_PREPROCESSOR_DEFINITIONS = (
					"DEBUG=1",
					"$(inherited)",
				);
				GCC_WARN_64_TO_32_BIT_CONVERSION = YES;
				GCC_WARN_ABOUT_RETURN_TYPE = YES_ERROR;
				GCC_WARN_UNDECLARED_SELECTOR = YES;
				GCC_WARN_UNINITIALIZED_AUTOS = YES_AGGRESSIVE;
				GCC_WARN_UNUSED_FUNCTION = YES;
				GCC_WARN_UNUSED_VARIABLE = YES;
				MTL_ENABLE_DEBUG_INFO = INCLUDE_SOURCE;
				MTL_FAST_MATH = YES;
				ONLY_ACTIVE_ARCH = YES;
				SWIFT_ACTIVE_COMPILATION_CONDITIONS = DEBUG;
				SWIFT_OPTIMIZATION_LEVEL = "-Onone";
				VERSIONING_SYSTEM = "apple-generic";
				VERSION_INFO_PREFIX = "";
			};
			name = Debug;
		};
		840DBCA42ABD6E790045DDE1 /* Release */ = {
			isa = XCBuildConfiguration;
			buildSettings = {
				ALWAYS_SEARCH_USER_PATHS = NO;
				CLANG_ANALYZER_NONNULL = YES;
				CLANG_ANALYZER_NUMBER_OBJECT_CONVERSION = YES_AGGRESSIVE;
				CLANG_CXX_LANGUAGE_STANDARD = "gnu++20";
				CLANG_ENABLE_MODULES = YES;
				CLANG_ENABLE_OBJC_ARC = YES;
				CLANG_ENABLE_OBJC_WEAK = YES;
				CLANG_WARN_BLOCK_CAPTURE_AUTORELEASING = YES;
				CLANG_WARN_BOOL_CONVERSION = YES;
				CLANG_WARN_COMMA = YES;
				CLANG_WARN_CONSTANT_CONVERSION = YES;
				CLANG_WARN_DEPRECATED_OBJC_IMPLEMENTATIONS = YES;
				CLANG_WARN_DIRECT_OBJC_ISA_USAGE = YES_ERROR;
				CLANG_WARN_DOCUMENTATION_COMMENTS = YES;
				CLANG_WARN_EMPTY_BODY = YES;
				CLANG_WARN_ENUM_CONVERSION = YES;
				CLANG_WARN_INFINITE_RECURSION = YES;
				CLANG_WARN_INT_CONVERSION = YES;
				CLANG_WARN_NON_LITERAL_NULL_CONVERSION = YES;
				CLANG_WARN_OBJC_IMPLICIT_RETAIN_SELF = YES;
				CLANG_WARN_OBJC_LITERAL_CONVERSION = YES;
				CLANG_WARN_OBJC_ROOT_CLASS = YES_ERROR;
				CLANG_WARN_QUOTED_INCLUDE_IN_FRAMEWORK_HEADER = YES;
				CLANG_WARN_RANGE_LOOP_ANALYSIS = YES;
				CLANG_WARN_STRICT_PROTOTYPES = YES;
				CLANG_WARN_SUSPICIOUS_MOVE = YES;
				CLANG_WARN_UNGUARDED_AVAILABILITY = YES_AGGRESSIVE;
				CLANG_WARN_UNREACHABLE_CODE = YES;
				CLANG_WARN__DUPLICATE_METHOD_MATCH = YES;
				COPY_PHASE_STRIP = NO;
				CURRENT_PROJECT_VERSION = 1;
				DEBUG_INFORMATION_FORMAT = "dwarf-with-dsym";
				ENABLE_NS_ASSERTIONS = NO;
				ENABLE_STRICT_OBJC_MSGSEND = YES;
				GCC_C_LANGUAGE_STANDARD = gnu11;
				GCC_NO_COMMON_BLOCKS = YES;
				GCC_WARN_64_TO_32_BIT_CONVERSION = YES;
				GCC_WARN_ABOUT_RETURN_TYPE = YES_ERROR;
				GCC_WARN_UNDECLARED_SELECTOR = YES;
				GCC_WARN_UNINITIALIZED_AUTOS = YES_AGGRESSIVE;
				GCC_WARN_UNUSED_FUNCTION = YES;
				GCC_WARN_UNUSED_VARIABLE = YES;
				MTL_ENABLE_DEBUG_INFO = NO;
				MTL_FAST_MATH = YES;
				SWIFT_COMPILATION_MODE = wholemodule;
				SWIFT_OPTIMIZATION_LEVEL = "-O";
				VERSIONING_SYSTEM = "apple-generic";
				VERSION_INFO_PREFIX = "";
			};
			name = Release;
		};
		840DBCA62ABD6E790045DDE1 /* Debug */ = {
			isa = XCBuildConfiguration;
			baseConfigurationReference = 2F25287FF8A8B7A711C76A05 /* Pods-Core.debug.xcconfig */;
			buildSettings = {
				CLANG_ENABLE_MODULES = YES;
				CODE_SIGN_STYLE = Automatic;
				CURRENT_PROJECT_VERSION = 1;
				DEFINES_MODULE = YES;
				DYLIB_COMPATIBILITY_VERSION = 1;
				DYLIB_CURRENT_VERSION = 1;
				DYLIB_INSTALL_NAME_BASE = "@rpath";
				ENABLE_MODULE_VERIFIER = YES;
				GENERATE_INFOPLIST_FILE = YES;
				INFOPLIST_KEY_NSHumanReadableCopyright = "";
				INSTALL_PATH = "$(LOCAL_LIBRARY_DIR)/Frameworks";
				IPHONEOS_DEPLOYMENT_TARGET = 15.5;
				LD_RUNPATH_SEARCH_PATHS = (
					"@executable_path/Frameworks",
					"@loader_path/Frameworks",
				);
				"LD_RUNPATH_SEARCH_PATHS[sdk=macosx*]" = (
					"@executable_path/../Frameworks",
					"@loader_path/Frameworks",
				);
				MACOSX_DEPLOYMENT_TARGET = 13.3;
				MARKETING_VERSION = 1.0;
				MODULE_VERIFIER_SUPPORTED_LANGUAGES = "objective-c objective-c++";
				MODULE_VERIFIER_SUPPORTED_LANGUAGE_STANDARDS = "gnu11 gnu++20";
				PRODUCT_BUNDLE_IDENTIFIER = com.dicoding.academy.Core;
				PRODUCT_NAME = "$(TARGET_NAME:c99extidentifier)";
				SDKROOT = auto;
				SKIP_INSTALL = YES;
				SUPPORTED_PLATFORMS = "iphoneos iphonesimulator";
				SUPPORTS_MACCATALYST = NO;
				SWIFT_EMIT_LOC_STRINGS = YES;
				SWIFT_OPTIMIZATION_LEVEL = "-Onone";
				SWIFT_VERSION = 5.0;
				TARGETED_DEVICE_FAMILY = "1,2";
			};
			name = Debug;
		};
		840DBCA72ABD6E790045DDE1 /* Release */ = {
			isa = XCBuildConfiguration;
			baseConfigurationReference = C6C1E5AC86B1CEBAB7DCF9D3 /* Pods-Core.release.xcconfig */;
			buildSettings = {
				CLANG_ENABLE_MODULES = YES;
				CODE_SIGN_STYLE = Automatic;
				CURRENT_PROJECT_VERSION = 1;
				DEFINES_MODULE = YES;
				DYLIB_COMPATIBILITY_VERSION = 1;
				DYLIB_CURRENT_VERSION = 1;
				DYLIB_INSTALL_NAME_BASE = "@rpath";
				ENABLE_MODULE_VERIFIER = YES;
				GENERATE_INFOPLIST_FILE = YES;
				INFOPLIST_KEY_NSHumanReadableCopyright = "";
				INSTALL_PATH = "$(LOCAL_LIBRARY_DIR)/Frameworks";
				IPHONEOS_DEPLOYMENT_TARGET = 15.5;
				LD_RUNPATH_SEARCH_PATHS = (
					"@executable_path/Frameworks",
					"@loader_path/Frameworks",
				);
				"LD_RUNPATH_SEARCH_PATHS[sdk=macosx*]" = (
					"@executable_path/../Frameworks",
					"@loader_path/Frameworks",
				);
				MACOSX_DEPLOYMENT_TARGET = 13.3;
				MARKETING_VERSION = 1.0;
				MODULE_VERIFIER_SUPPORTED_LANGUAGES = "objective-c objective-c++";
				MODULE_VERIFIER_SUPPORTED_LANGUAGE_STANDARDS = "gnu11 gnu++20";
				PRODUCT_BUNDLE_IDENTIFIER = com.dicoding.academy.Core;
				PRODUCT_NAME = "$(TARGET_NAME:c99extidentifier)";
				SDKROOT = auto;
				SKIP_INSTALL = YES;
				SUPPORTED_PLATFORMS = "iphoneos iphonesimulator";
				SUPPORTS_MACCATALYST = NO;
				SWIFT_EMIT_LOC_STRINGS = YES;
				SWIFT_VERSION = 5.0;
				TARGETED_DEVICE_FAMILY = "1,2";
			};
			name = Release;
		};
/* End XCBuildConfiguration section */

/* Begin XCConfigurationList section */
		840DBC982ABD6E790045DDE1 /* Build configuration list for PBXProject "Core" */ = {
			isa = XCConfigurationList;
			buildConfigurations = (
				840DBCA32ABD6E790045DDE1 /* Debug */,
				840DBCA42ABD6E790045DDE1 /* Release */,
			);
			defaultConfigurationIsVisible = 0;
			defaultConfigurationName = Release;
		};
		840DBCA52ABD6E790045DDE1 /* Build configuration list for PBXNativeTarget "Core" */ = {
			isa = XCConfigurationList;
			buildConfigurations = (
				840DBCA62ABD6E790045DDE1 /* Debug */,
				840DBCA72ABD6E790045DDE1 /* Release */,
			);
			defaultConfigurationIsVisible = 0;
			defaultConfigurationName = Release;
		};
/* End XCConfigurationList section */
	};
	rootObject = 840DBC952ABD6E790045DDE1 /* Project object */;
}
